<Solution>
  <Folder Name="/src/">
    <Project Path="src/FinanceTracker.Application/FinanceTracker.Application.csproj" />
    <Project Path="src/FinanceTracker.CLI/FinanceTracker.CLI.csproj" />
    <Project Path="src/FinanceTracker.Domain/FinanceTracker.Domain.csproj" />
  </Folder>
  <Folder Name="/tests/">
    <Project Path="tests/FinanceTracker.Tests/FinanceTracker.Tests.csproj" />
  </Folder>
</Solution>
